
Microsoft Visual Studio Solution File, Format Version 12.00
# Visual Studio Version 16
VisualStudioVersion = 16.0.29326.143
MinimumVisualStudioVersion = 10.0.40219.1
Project("{FAE04EC0-301F-11D3-BF4B-00C04F79EFBC}") = "MarketApp.Android", "MarketApp\MarketApp.Android\MarketApp.Android.csproj", "{B971EDC2-E752-4D9F-A47D-6B0814A65A61}"
EndProject
Project("{FAE04EC0-301F-11D3-BF4B-00C04F79EFBC}") = "MarketApp.iOS", "MarketApp\MarketApp.iOS\MarketApp.iOS.csproj", "{A2D4743B-0080-41EC-B05E-2BABB8EE4E7E}"
EndProject
Project("{9A19103F-16F7-4668-BE54-9A1E7A4F7556}") = "MarketApp", "MarketApp\MarketApp\MarketApp.csproj", "{70C3C307-25FF-4F1A-A4F6-BF3A2F0F5866}"
EndProject
Project("{FAE04EC0-301F-11D3-BF4B-00C04F79EFBC}") = "MarketWebApplication", "MarketWebApplication\MarketWebApplication.csproj", "{F46063C7-D94A-41BA-BF41-E25C6135F148}"
EndProject
Project("{FAE04EC0-301F-11D3-BF4B-00C04F79EFBC}") = "AdminPanal", "AdminPanal\AdminPanal.csproj", "{A4CA5D11-E105-4556-885B-6F6D87EE6C26}"
EndProject
Project("{FAE04EC0-301F-11D3-BF4B-00C04F79EFBC}") = "MarketApi", "MarketApi\MarketApi.csproj", "{D73DAEA6-15F5-4779-96C9-9833D568538B}"
EndProject
Global
	GlobalSection(SolutionConfigurationPlatforms) = preSolution
		Ad-Hoc|Any CPU = Ad-Hoc|Any CPU
		Ad-Hoc|iPhone = Ad-Hoc|iPhone
		Ad-Hoc|iPhoneSimulator = Ad-Hoc|iPhoneSimulator
		AppStore|Any CPU = AppStore|Any CPU
		AppStore|iPhone = AppStore|iPhone
		AppStore|iPhoneSimulator = AppStore|iPhoneSimulator
		Debug|Any CPU = Debug|Any CPU
		Debug|iPhone = Debug|iPhone
		Debug|iPhoneSimulator = Debug|iPhoneSimulator
		Release|Any CPU = Release|Any CPU
		Release|iPhone = Release|iPhone
		Release|iPhoneSimulator = Release|iPhoneSimulator
	EndGlobalSection
	GlobalSection(ProjectConfigurationPlatforms) = postSolution
		{B971EDC2-E752-4D9F-A47D-6B0814A65A61}.Ad-Hoc|Any CPU.ActiveCfg = Release|Any CPU
		{B971EDC2-E752-4D9F-A47D-6B0814A65A61}.Ad-Hoc|Any CPU.Build.0 = Release|Any CPU
		{B971EDC2-E752-4D9F-A47D-6B0814A65A61}.Ad-Hoc|Any CPU.Deploy.0 = Release|Any CPU
		{B971EDC2-E752-4D9F-A47D-6B0814A65A61}.Ad-Hoc|iPhone.ActiveCfg = Release|Any CPU
		{B971EDC2-E752-4D9F-A47D-6B0814A65A61}.Ad-Hoc|iPhone.Build.0 = Release|Any CPU
		{B971EDC2-E752-4D9F-A47D-6B0814A65A61}.Ad-Hoc|iPhone.Deploy.0 = Release|Any CPU
		{B971EDC2-E752-4D9F-A47D-6B0814A65A61}.Ad-Hoc|iPhoneSimulator.ActiveCfg = Release|Any CPU
		{B971EDC2-E752-4D9F-A47D-6B0814A65A61}.Ad-Hoc|iPhoneSimulator.Build.0 = Release|Any CPU
		{B971EDC2-E752-4D9F-A47D-6B0814A65A61}.Ad-Hoc|iPhoneSimulator.Deploy.0 = Release|Any CPU
		{B971EDC2-E752-4D9F-A47D-6B0814A65A61}.AppStore|Any CPU.ActiveCfg = Release|Any CPU
		{B971EDC2-E752-4D9F-A47D-6B0814A65A61}.AppStore|Any CPU.Build.0 = Release|Any CPU
		{B971EDC2-E752-4D9F-A47D-6B0814A65A61}.AppStore|Any CPU.Deploy.0 = Release|Any CPU
		{B971EDC2-E752-4D9F-A47D-6B0814A65A61}.AppStore|iPhone.ActiveCfg = Release|Any CPU
		{B971EDC2-E752-4D9F-A47D-6B0814A65A61}.AppStore|iPhone.Build.0 = Release|Any CPU
		{B971EDC2-E752-4D9F-A47D-6B0814A65A61}.AppStore|iPhone.Deploy.0 = Release|Any CPU
		{B971EDC2-E752-4D9F-A47D-6B0814A65A61}.AppStore|iPhoneSimulator.ActiveCfg = Release|Any CPU
		{B971EDC2-E752-4D9F-A47D-6B0814A65A61}.AppStore|iPhoneSimulator.Build.0 = Release|Any CPU
		{B971EDC2-E752-4D9F-A47D-6B0814A65A61}.AppStore|iPhoneSimulator.Deploy.0 = Release|Any CPU
		{B971EDC2-E752-4D9F-A47D-6B0814A65A61}.Debug|Any CPU.ActiveCfg = Debug|Any CPU
		{B971EDC2-E752-4D9F-A47D-6B0814A65A61}.Debug|Any CPU.Build.0 = Debug|Any CPU
		{B971EDC2-E752-4D9F-A47D-6B0814A65A61}.Debug|Any CPU.Deploy.0 = Debug|Any CPU
		{B971EDC2-E752-4D9F-A47D-6B0814A65A61}.Debug|iPhone.ActiveCfg = Debug|Any CPU
		{B971EDC2-E752-4D9F-A47D-6B0814A65A61}.Debug|iPhone.Build.0 = Debug|Any CPU
		{B971EDC2-E752-4D9F-A47D-6B0814A65A61}.Debug|iPhone.Deploy.0 = Debug|Any CPU
		{B971EDC2-E752-4D9F-A47D-6B0814A65A61}.Debug|iPhoneSimulator.ActiveCfg = Debug|Any CPU
		{B971EDC2-E752-4D9F-A47D-6B0814A65A61}.Debug|iPhoneSimulator.Build.0 = Debug|Any CPU
		{B971EDC2-E752-4D9F-A47D-6B0814A65A61}.Debug|iPhoneSimulator.Deploy.0 = Debug|Any CPU
		{B971EDC2-E752-4D9F-A47D-6B0814A65A61}.Release|Any CPU.ActiveCfg = Release|Any CPU
		{B971EDC2-E752-4D9F-A47D-6B0814A65A61}.Release|Any CPU.Build.0 = Release|Any CPU
		{B971EDC2-E752-4D9F-A47D-6B0814A65A61}.Release|Any CPU.Deploy.0 = Release|Any CPU
		{B971EDC2-E752-4D9F-A47D-6B0814A65A61}.Release|iPhone.ActiveCfg = Release|Any CPU
		{B971EDC2-E752-4D9F-A47D-6B0814A65A61}.Release|iPhone.Build.0 = Release|Any CPU
		{B971EDC2-E752-4D9F-A47D-6B0814A65A61}.Release|iPhone.Deploy.0 = Release|Any CPU
		{B971EDC2-E752-4D9F-A47D-6B0814A65A61}.Release|iPhoneSimulator.ActiveCfg = Release|Any CPU
		{B971EDC2-E752-4D9F-A47D-6B0814A65A61}.Release|iPhoneSimulator.Build.0 = Release|Any CPU
		{B971EDC2-E752-4D9F-A47D-6B0814A65A61}.Release|iPhoneSimulator.Deploy.0 = Release|Any CPU
		{A2D4743B-0080-41EC-B05E-2BABB8EE4E7E}.Ad-Hoc|Any CPU.ActiveCfg = Ad-Hoc|iPhone
		{A2D4743B-0080-41EC-B05E-2BABB8EE4E7E}.Ad-Hoc|Any CPU.Build.0 = Ad-Hoc|iPhone
		{A2D4743B-0080-41EC-B05E-2BABB8EE4E7E}.Ad-Hoc|Any CPU.Deploy.0 = Ad-Hoc|iPhone
		{A2D4743B-0080-41EC-B05E-2BABB8EE4E7E}.Ad-Hoc|iPhone.ActiveCfg = Ad-Hoc|iPhone
		{A2D4743B-0080-41EC-B05E-2BABB8EE4E7E}.Ad-Hoc|iPhone.Build.0 = Ad-Hoc|iPhone
		{A2D4743B-0080-41EC-B05E-2BABB8EE4E7E}.Ad-Hoc|iPhone.Deploy.0 = Ad-Hoc|iPhone
		{A2D4743B-0080-41EC-B05E-2BABB8EE4E7E}.Ad-Hoc|iPhoneSimulator.ActiveCfg = Ad-Hoc|iPhoneSimulator
		{A2D4743B-0080-41EC-B05E-2BABB8EE4E7E}.Ad-Hoc|iPhoneSimulator.Build.0 = Ad-Hoc|iPhoneSimulator
		{A2D4743B-0080-41EC-B05E-2BABB8EE4E7E}.Ad-Hoc|iPhoneSimulator.Deploy.0 = Ad-Hoc|iPhoneSimulator
		{A2D4743B-0080-41EC-B05E-2BABB8EE4E7E}.AppStore|Any CPU.ActiveCfg = AppStore|iPhone
		{A2D4743B-0080-41EC-B05E-2BABB8EE4E7E}.AppStore|Any CPU.Build.0 = AppStore|iPhone
		{A2D4743B-0080-41EC-B05E-2BABB8EE4E7E}.AppStore|Any CPU.Deploy.0 = AppStore|iPhone
		{A2D4743B-0080-41EC-B05E-2BABB8EE4E7E}.AppStore|iPhone.ActiveCfg = AppStore|iPhone
		{A2D4743B-0080-41EC-B05E-2BABB8EE4E7E}.AppStore|iPhone.Build.0 = AppStore|iPhone
		{A2D4743B-0080-41EC-B05E-2BABB8EE4E7E}.AppStore|iPhone.Deploy.0 = AppStore|iPhone
		{A2D4743B-0080-41EC-B05E-2BABB8EE4E7E}.AppStore|iPhoneSimulator.ActiveCfg = AppStore|iPhoneSimulator
		{A2D4743B-0080-41EC-B05E-2BABB8EE4E7E}.AppStore|iPhoneSimulator.Build.0 = AppStore|iPhoneSimulator
		{A2D4743B-0080-41EC-B05E-2BABB8EE4E7E}.AppStore|iPhoneSimulator.Deploy.0 = AppStore|iPhoneSimulator
		{A2D4743B-0080-41EC-B05E-2BABB8EE4E7E}.Debug|Any CPU.ActiveCfg = Debug|iPhoneSimulator
		{A2D4743B-0080-41EC-B05E-2BABB8EE4E7E}.Debug|Any CPU.Build.0 = Debug|iPhoneSimulator
		{A2D4743B-0080-41EC-B05E-2BABB8EE4E7E}.Debug|Any CPU.Deploy.0 = Debug|iPhoneSimulator
		{A2D4743B-0080-41EC-B05E-2BABB8EE4E7E}.Debug|iPhone.ActiveCfg = Debug|iPhone
		{A2D4743B-0080-41EC-B05E-2BABB8EE4E7E}.Debug|iPhone.Build.0 = Debug|iPhone
		{A2D4743B-0080-41EC-B05E-2BABB8EE4E7E}.Debug|iPhone.Deploy.0 = Debug|iPhone
		{A2D4743B-0080-41EC-B05E-2BABB8EE4E7E}.Debug|iPhoneSimulator.ActiveCfg = Debug|iPhoneSimulator
		{A2D4743B-0080-41EC-B05E-2BABB8EE4E7E}.Debug|iPhoneSimulator.Build.0 = Debug|iPhoneSimulator
		{A2D4743B-0080-41EC-B05E-2BABB8EE4E7E}.Debug|iPhoneSimulator.Deploy.0 = Debug|iPhoneSimulator
		{A2D4743B-0080-41EC-B05E-2BABB8EE4E7E}.Release|Any CPU.ActiveCfg = Release|iPhone
		{A2D4743B-0080-41EC-B05E-2BABB8EE4E7E}.Release|Any CPU.Build.0 = Release|iPhone
		{A2D4743B-0080-41EC-B05E-2BABB8EE4E7E}.Release|Any CPU.Deploy.0 = Release|iPhone
		{A2D4743B-0080-41EC-B05E-2BABB8EE4E7E}.Release|iPhone.ActiveCfg = Release|iPhone
		{A2D4743B-0080-41EC-B05E-2BABB8EE4E7E}.Release|iPhone.Build.0 = Release|iPhone
		{A2D4743B-0080-41EC-B05E-2BABB8EE4E7E}.Release|iPhone.Deploy.0 = Release|iPhone
		{A2D4743B-0080-41EC-B05E-2BABB8EE4E7E}.Release|iPhoneSimulator.ActiveCfg = Release|iPhoneSimulator
		{A2D4743B-0080-41EC-B05E-2BABB8EE4E7E}.Release|iPhoneSimulator.Build.0 = Release|iPhoneSimulator
		{A2D4743B-0080-41EC-B05E-2BABB8EE4E7E}.Release|iPhoneSimulator.Deploy.0 = Release|iPhoneSimulator
		{70C3C307-25FF-4F1A-A4F6-BF3A2F0F5866}.Ad-Hoc|Any CPU.ActiveCfg = Debug|Any CPU
		{70C3C307-25FF-4F1A-A4F6-BF3A2F0F5866}.Ad-Hoc|Any CPU.Build.0 = Debug|Any CPU
		{70C3C307-25FF-4F1A-A4F6-BF3A2F0F5866}.Ad-Hoc|Any CPU.Deploy.0 = Debug|Any CPU
		{70C3C307-25FF-4F1A-A4F6-BF3A2F0F5866}.Ad-Hoc|iPhone.ActiveCfg = Debug|Any CPU
		{70C3C307-25FF-4F1A-A4F6-BF3A2F0F5866}.Ad-Hoc|iPhone.Build.0 = Debug|Any CPU
		{70C3C307-25FF-4F1A-A4F6-BF3A2F0F5866}.Ad-Hoc|iPhone.Deploy.0 = Debug|Any CPU
		{70C3C307-25FF-4F1A-A4F6-BF3A2F0F5866}.Ad-Hoc|iPhoneSimulator.ActiveCfg = Debug|Any CPU
		{70C3C307-25FF-4F1A-A4F6-BF3A2F0F5866}.Ad-Hoc|iPhoneSimulator.Build.0 = Debug|Any CPU
		{70C3C307-25FF-4F1A-A4F6-BF3A2F0F5866}.Ad-Hoc|iPhoneSimulator.Deploy.0 = Debug|Any CPU
		{70C3C307-25FF-4F1A-A4F6-BF3A2F0F5866}.AppStore|Any CPU.ActiveCfg = Debug|Any CPU
		{70C3C307-25FF-4F1A-A4F6-BF3A2F0F5866}.AppStore|Any CPU.Build.0 = Debug|Any CPU
		{70C3C307-25FF-4F1A-A4F6-BF3A2F0F5866}.AppStore|Any CPU.Deploy.0 = Debug|Any CPU
		{70C3C307-25FF-4F1A-A4F6-BF3A2F0F5866}.AppStore|iPhone.ActiveCfg = Debug|Any CPU
		{70C3C307-25FF-4F1A-A4F6-BF3A2F0F5866}.AppStore|iPhone.Build.0 = Debug|Any CPU
		{70C3C307-25FF-4F1A-A4F6-BF3A2F0F5866}.AppStore|iPhone.Deploy.0 = Debug|Any CPU
		{70C3C307-25FF-4F1A-A4F6-BF3A2F0F5866}.AppStore|iPhoneSimulator.ActiveCfg = Debug|Any CPU
		{70C3C307-25FF-4F1A-A4F6-BF3A2F0F5866}.AppStore|iPhoneSimulator.Build.0 = Debug|Any CPU
		{70C3C307-25FF-4F1A-A4F6-BF3A2F0F5866}.AppStore|iPhoneSimulator.Deploy.0 = Debug|Any CPU
		{70C3C307-25FF-4F1A-A4F6-BF3A2F0F5866}.Debug|Any CPU.ActiveCfg = Debug|Any CPU
		{70C3C307-25FF-4F1A-A4F6-BF3A2F0F5866}.Debug|Any CPU.Build.0 = Debug|Any CPU
		{70C3C307-25FF-4F1A-A4F6-BF3A2F0F5866}.Debug|Any CPU.Deploy.0 = Debug|Any CPU
		{70C3C307-25FF-4F1A-A4F6-BF3A2F0F5866}.Debug|iPhone.ActiveCfg = Debug|Any CPU
		{70C3C307-25FF-4F1A-A4F6-BF3A2F0F5866}.Debug|iPhone.Build.0 = Debug|Any CPU
		{70C3C307-25FF-4F1A-A4F6-BF3A2F0F5866}.Debug|iPhone.Deploy.0 = Debug|Any CPU
		{70C3C307-25FF-4F1A-A4F6-BF3A2F0F5866}.Debug|iPhoneSimulator.ActiveCfg = Debug|Any CPU
		{70C3C307-25FF-4F1A-A4F6-BF3A2F0F5866}.Debug|iPhoneSimulator.Build.0 = Debug|Any CPU
		{70C3C307-25FF-4F1A-A4F6-BF3A2F0F5866}.Debug|iPhoneSimulator.Deploy.0 = Debug|Any CPU
		{70C3C307-25FF-4F1A-A4F6-BF3A2F0F5866}.Release|Any CPU.ActiveCfg = Release|Any CPU
		{70C3C307-25FF-4F1A-A4F6-BF3A2F0F5866}.Release|Any CPU.Build.0 = Release|Any CPU
		{70C3C307-25FF-4F1A-A4F6-BF3A2F0F5866}.Release|Any CPU.Deploy.0 = Release|Any CPU
		{70C3C307-25FF-4F1A-A4F6-BF3A2F0F5866}.Release|iPhone.ActiveCfg = Release|Any CPU
		{70C3C307-25FF-4F1A-A4F6-BF3A2F0F5866}.Release|iPhone.Build.0 = Release|Any CPU
		{70C3C307-25FF-4F1A-A4F6-BF3A2F0F5866}.Release|iPhone.Deploy.0 = Release|Any CPU
		{70C3C307-25FF-4F1A-A4F6-BF3A2F0F5866}.Release|iPhoneSimulator.ActiveCfg = Release|Any CPU
		{70C3C307-25FF-4F1A-A4F6-BF3A2F0F5866}.Release|iPhoneSimulator.Build.0 = Release|Any CPU
		{70C3C307-25FF-4F1A-A4F6-BF3A2F0F5866}.Release|iPhoneSimulator.Deploy.0 = Release|Any CPU
		{F46063C7-D94A-41BA-BF41-E25C6135F148}.Ad-Hoc|Any CPU.ActiveCfg = Release|Any CPU
		{F46063C7-D94A-41BA-BF41-E25C6135F148}.Ad-Hoc|Any CPU.Build.0 = Release|Any CPU
		{F46063C7-D94A-41BA-BF41-E25C6135F148}.Ad-Hoc|iPhone.ActiveCfg = Release|Any CPU
		{F46063C7-D94A-41BA-BF41-E25C6135F148}.Ad-Hoc|iPhone.Build.0 = Release|Any CPU
		{F46063C7-D94A-41BA-BF41-E25C6135F148}.Ad-Hoc|iPhoneSimulator.ActiveCfg = Release|Any CPU
		{F46063C7-D94A-41BA-BF41-E25C6135F148}.Ad-Hoc|iPhoneSimulator.Build.0 = Release|Any CPU
		{F46063C7-D94A-41BA-BF41-E25C6135F148}.AppStore|Any CPU.ActiveCfg = Release|Any CPU
		{F46063C7-D94A-41BA-BF41-E25C6135F148}.AppStore|Any CPU.Build.0 = Release|Any CPU
		{F46063C7-D94A-41BA-BF41-E25C6135F148}.AppStore|iPhone.ActiveCfg = Release|Any CPU
		{F46063C7-D94A-41BA-BF41-E25C6135F148}.AppStore|iPhone.Build.0 = Release|Any CPU
		{F46063C7-D94A-41BA-BF41-E25C6135F148}.AppStore|iPhoneSimulator.ActiveCfg = Release|Any CPU
		{F46063C7-D94A-41BA-BF41-E25C6135F148}.AppStore|iPhoneSimulator.Build.0 = Release|Any CPU
		{F46063C7-D94A-41BA-BF41-E25C6135F148}.Debug|Any CPU.ActiveCfg = Debug|Any CPU
		{F46063C7-D94A-41BA-BF41-E25C6135F148}.Debug|Any CPU.Build.0 = Debug|Any CPU
		{F46063C7-D94A-41BA-BF41-E25C6135F148}.Debug|iPhone.ActiveCfg = Debug|Any CPU
		{F46063C7-D94A-41BA-BF41-E25C6135F148}.Debug|iPhone.Build.0 = Debug|Any CPU
		{F46063C7-D94A-41BA-BF41-E25C6135F148}.Debug|iPhoneSimulator.ActiveCfg = Debug|Any CPU
		{F46063C7-D94A-41BA-BF41-E25C6135F148}.Debug|iPhoneSimulator.Build.0 = Debug|Any CPU
		{F46063C7-D94A-41BA-BF41-E25C6135F148}.Release|Any CPU.ActiveCfg = Release|Any CPU
		{F46063C7-D94A-41BA-BF41-E25C6135F148}.Release|Any CPU.Build.0 = Release|Any CPU
		{F46063C7-D94A-41BA-BF41-E25C6135F148}.Release|iPhone.ActiveCfg = Release|Any CPU
		{F46063C7-D94A-41BA-BF41-E25C6135F148}.Release|iPhone.Build.0 = Release|Any CPU
		{F46063C7-D94A-41BA-BF41-E25C6135F148}.Release|iPhoneSimulator.ActiveCfg = Release|Any CPU
		{F46063C7-D94A-41BA-BF41-E25C6135F148}.Release|iPhoneSimulator.Build.0 = Release|Any CPU
		{A4CA5D11-E105-4556-885B-6F6D87EE6C26}.Ad-Hoc|Any CPU.ActiveCfg = Release|Any CPU
		{A4CA5D11-E105-4556-885B-6F6D87EE6C26}.Ad-Hoc|Any CPU.Build.0 = Release|Any CPU
		{A4CA5D11-E105-4556-885B-6F6D87EE6C26}.Ad-Hoc|iPhone.ActiveCfg = Release|Any CPU
		{A4CA5D11-E105-4556-885B-6F6D87EE6C26}.Ad-Hoc|iPhone.Build.0 = Release|Any CPU
		{A4CA5D11-E105-4556-885B-6F6D87EE6C26}.Ad-Hoc|iPhoneSimulator.ActiveCfg = Release|Any CPU
		{A4CA5D11-E105-4556-885B-6F6D87EE6C26}.Ad-Hoc|iPhoneSimulator.Build.0 = Release|Any CPU
		{A4CA5D11-E105-4556-885B-6F6D87EE6C26}.AppStore|Any CPU.ActiveCfg = Release|Any CPU
		{A4CA5D11-E105-4556-885B-6F6D87EE6C26}.AppStore|Any CPU.Build.0 = Release|Any CPU
		{A4CA5D11-E105-4556-885B-6F6D87EE6C26}.AppStore|iPhone.ActiveCfg = Release|Any CPU
		{A4CA5D11-E105-4556-885B-6F6D87EE6C26}.AppStore|iPhone.Build.0 = Release|Any CPU
		{A4CA5D11-E105-4556-885B-6F6D87EE6C26}.AppStore|iPhoneSimulator.ActiveCfg = Release|Any CPU
		{A4CA5D11-E105-4556-885B-6F6D87EE6C26}.AppStore|iPhoneSimulator.Build.0 = Release|Any CPU
		{A4CA5D11-E105-4556-885B-6F6D87EE6C26}.Debug|Any CPU.ActiveCfg = Debug|Any CPU
		{A4CA5D11-E105-4556-885B-6F6D87EE6C26}.Debug|Any CPU.Build.0 = Debug|Any CPU
		{A4CA5D11-E105-4556-885B-6F6D87EE6C26}.Debug|iPhone.ActiveCfg = Debug|Any CPU
		{A4CA5D11-E105-4556-885B-6F6D87EE6C26}.Debug|iPhone.Build.0 = Debug|Any CPU
		{A4CA5D11-E105-4556-885B-6F6D87EE6C26}.Debug|iPhoneSimulator.ActiveCfg = Debug|Any CPU
		{A4CA5D11-E105-4556-885B-6F6D87EE6C26}.Debug|iPhoneSimulator.Build.0 = Debug|Any CPU
		{A4CA5D11-E105-4556-885B-6F6D87EE6C26}.Release|Any CPU.ActiveCfg = Release|Any CPU
		{A4CA5D11-E105-4556-885B-6F6D87EE6C26}.Release|Any CPU.Build.0 = Release|Any CPU
		{A4CA5D11-E105-4556-885B-6F6D87EE6C26}.Release|iPhone.ActiveCfg = Release|Any CPU
		{A4CA5D11-E105-4556-885B-6F6D87EE6C26}.Release|iPhone.Build.0 = Release|Any CPU
		{A4CA5D11-E105-4556-885B-6F6D87EE6C26}.Release|iPhoneSimulator.ActiveCfg = Release|Any CPU
		{A4CA5D11-E105-4556-885B-6F6D87EE6C26}.Release|iPhoneSimulator.Build.0 = Release|Any CPU
		{D73DAEA6-15F5-4779-96C9-9833D568538B}.Ad-Hoc|Any CPU.ActiveCfg = Release|Any CPU
		{D73DAEA6-15F5-4779-96C9-9833D568538B}.Ad-Hoc|Any CPU.Build.0 = Release|Any CPU
		{D73DAEA6-15F5-4779-96C9-9833D568538B}.Ad-Hoc|iPhone.ActiveCfg = Release|Any CPU
		{D73DAEA6-15F5-4779-96C9-9833D568538B}.Ad-Hoc|iPhone.Build.0 = Release|Any CPU
		{D73DAEA6-15F5-4779-96C9-9833D568538B}.Ad-Hoc|iPhoneSimulator.ActiveCfg = Release|Any CPU
		{D73DAEA6-15F5-4779-96C9-9833D568538B}.Ad-Hoc|iPhoneSimulator.Build.0 = Release|Any CPU
		{D73DAEA6-15F5-4779-96C9-9833D568538B}.AppStore|Any CPU.ActiveCfg = Release|Any CPU
		{D73DAEA6-15F5-4779-96C9-9833D568538B}.AppStore|Any CPU.Build.0 = Release|Any CPU
		{D73DAEA6-15F5-4779-96C9-9833D568538B}.AppStore|iPhone.ActiveCfg = Release|Any CPU
		{D73DAEA6-15F5-4779-96C9-9833D568538B}.AppStore|iPhone.Build.0 = Release|Any CPU
		{D73DAEA6-15F5-4779-96C9-9833D568538B}.AppStore|iPhoneSimulator.ActiveCfg = Release|Any CPU
		{D73DAEA6-15F5-4779-96C9-9833D568538B}.AppStore|iPhoneSimulator.Build.0 = Release|Any CPU
		{D73DAEA6-15F5-4779-96C9-9833D568538B}.Debug|Any CPU.ActiveCfg = Debug|Any CPU
		{D73DAEA6-15F5-4779-96C9-9833D568538B}.Debug|Any CPU.Build.0 = Debug|Any CPU
		{D73DAEA6-15F5-4779-96C9-9833D568538B}.Debug|iPhone.ActiveCfg = Debug|Any CPU
		{D73DAEA6-15F5-4779-96C9-9833D568538B}.Debug|iPhone.Build.0 = Debug|Any CPU
		{D73DAEA6-15F5-4779-96C9-9833D568538B}.Debug|iPhoneSimulator.ActiveCfg = Debug|Any CPU
		{D73DAEA6-15F5-4779-96C9-9833D568538B}.Debug|iPhoneSimulator.Build.0 = Debug|Any CPU
		{D73DAEA6-15F5-4779-96C9-9833D568538B}.Release|Any CPU.ActiveCfg = Release|Any CPU
		{D73DAEA6-15F5-4779-96C9-9833D568538B}.Release|Any CPU.Build.0 = Release|Any CPU
		{D73DAEA6-15F5-4779-96C9-9833D568538B}.Release|iPhone.ActiveCfg = Release|Any CPU
		{D73DAEA6-15F5-4779-96C9-9833D568538B}.Release|iPhone.Build.0 = Release|Any CPU
		{D73DAEA6-15F5-4779-96C9-9833D568538B}.Release|iPhoneSimulator.ActiveCfg = Release|Any CPU
		{D73DAEA6-15F5-4779-96C9-9833D568538B}.Release|iPhoneSimulator.Build.0 = Release|Any CPU
	EndGlobalSection
	GlobalSection(SolutionProperties) = preSolution
		HideSolutionNode = FALSE
	EndGlobalSection
	GlobalSection(ExtensibilityGlobals) = postSolution
		SolutionGuid = {C2FDF0FB-3322-4990-A2E0-36E0F7888B79}
	EndGlobalSection
EndGlobal
